
Microsoft Visual Studio Solution File, Format Version 12.00
# Visual Studio Version 16
VisualStudioVersion = 16.0.31624.102
MinimumVisualStudioVersion = 10.0.40219.1
Project("{FAE04EC0-301F-11D3-BF4B-00C04F79EFBC}") = "2021-12-14_Születések", "2021-12-14_Születések\2021-12-14_Születések.csproj", "{948331D7-9CEE-4C81-97BF-C13C8680E62E}"
EndProject
Global
	GlobalSection(SolutionConfigurationPlatforms) = preSolution
		Debug|Any CPU = Debug|Any CPU
		Release|Any CPU = Release|Any CPU
	EndGlobalSection
	GlobalSection(ProjectConfigurationPlatforms) = postSolution
		{948331D7-9CEE-4C81-97BF-C13C8680E62E}.Debug|Any CPU.ActiveCfg = Debug|Any CPU
		{948331D7-9CEE-4C81-97BF-C13C8680E62E}.Debug|Any CPU.Build.0 = Debug|Any CPU
		{948331D7-9CEE-4C81-97BF-C13C8680E62E}.Release|Any CPU.ActiveCfg = Release|Any CPU
		{948331D7-9CEE-4C81-97BF-C13C8680E62E}.Release|Any CPU.Build.0 = Release|Any CPU
	EndGlobalSection
	GlobalSection(SolutionProperties) = preSolution
		HideSolutionNode = FALSE
	EndGlobalSection
	GlobalSection(ExtensibilityGlobals) = postSolution
		SolutionGuid = {B478EC1A-0139-433D-B47D-426F365C673A}
	EndGlobalSection
EndGlobal
